
Microsoft Visual Studio Solution File, Format Version 12.00
# Visual Studio Version 17
VisualStudioVersion = 17.11.35312.102
MinimumVisualStudioVersion = 10.0.40219.1
Project("{FAE04EC0-301F-11D3-BF4B-00C04F79EFBC}") = "MoviesApp", "MoviesApp\MoviesApp.csproj", "{4E53ABE4-330D-4030-8C81-B704DC0B0875}"
EndProject
Project("{54435603-DBB4-11D2-8724-00A0C9A8B90C}") = "Setup", "Setup\Setup.vdproj", "{0671CB1F-7A2E-4A86-926C-FDB7D2FFDFD1}"
EndProject
Global
	GlobalSection(SolutionConfigurationPlatforms) = preSolution
		Debug|Any CPU = Debug|Any CPU
		Release|Any CPU = Release|Any CPU
	EndGlobalSection
	GlobalSection(ProjectConfigurationPlatforms) = postSolution
		{4E53ABE4-330D-4030-8C81-B704DC0B0875}.Debug|Any CPU.ActiveCfg = Debug|Any CPU
		{4E53ABE4-330D-4030-8C81-B704DC0B0875}.Debug|Any CPU.Build.0 = Debug|Any CPU
		{4E53ABE4-330D-4030-8C81-B704DC0B0875}.Release|Any CPU.ActiveCfg = Release|Any CPU
		{4E53ABE4-330D-4030-8C81-B704DC0B0875}.Release|Any CPU.Build.0 = Release|Any CPU
		{0671CB1F-7A2E-4A86-926C-FDB7D2FFDFD1}.Debug|Any CPU.ActiveCfg = Debug
		{0671CB1F-7A2E-4A86-926C-FDB7D2FFDFD1}.Release|Any CPU.ActiveCfg = Release
	EndGlobalSection
	GlobalSection(SolutionProperties) = preSolution
		HideSolutionNode = FALSE
	EndGlobalSection
	GlobalSection(ExtensibilityGlobals) = postSolution
		SolutionGuid = {7FE1D6AB-B62D-43B4-AEE1-7ABEB6B46264}
	EndGlobalSection
EndGlobal
